
Microsoft Visual Studio Solution File, Format Version 12.00
# Visual Studio Version 17
VisualStudioVersion = 17.7.34202.233
MinimumVisualStudioVersion = 10.0.40219.1
Project("{FAE04EC0-301F-11D3-BF4B-00C04F79EFBC}") = "AlexJones-CoursePlanner", "AlexJones-CoursePlanner.csproj", "{7EC5C746-A8F2-46F0-92BE-41C877C94BBB}"
EndProject
Global
	GlobalSection(SolutionConfigurationPlatforms) = preSolution
		Debug|Any CPU = Debug|Any CPU
		Release|Any CPU = Release|Any CPU
	EndGlobalSection
	GlobalSection(ProjectConfigurationPlatforms) = postSolution
		{7EC5C746-A8F2-46F0-92BE-41C877C94BBB}.Debug|Any CPU.ActiveCfg = Debug|Any CPU
		{7EC5C746-A8F2-46F0-92BE-41C877C94BBB}.Debug|Any CPU.Build.0 = Debug|Any CPU
		{7EC5C746-A8F2-46F0-92BE-41C877C94BBB}.Debug|Any CPU.Deploy.0 = Debug|Any CPU
		{7EC5C746-A8F2-46F0-92BE-41C877C94BBB}.Release|Any CPU.ActiveCfg = Release|Any CPU
		{7EC5C746-A8F2-46F0-92BE-41C877C94BBB}.Release|Any CPU.Build.0 = Release|Any CPU
		{7EC5C746-A8F2-46F0-92BE-41C877C94BBB}.Release|Any CPU.Deploy.0 = Release|Any CPU
	EndGlobalSection
	GlobalSection(SolutionProperties) = preSolution
		HideSolutionNode = FALSE
	EndGlobalSection
	GlobalSection(ExtensibilityGlobals) = postSolution
		SolutionGuid = {B5F884CE-FCF9-4B8B-AE5A-FFE844666FF5}
	EndGlobalSection
EndGlobal
